
Microsoft Visual Studio Solution File, Format Version 12.00
# Visual Studio Version 16
VisualStudioVersion = 16.0.31729.503
MinimumVisualStudioVersion = 10.0.40219.1
Project("{FAE04EC0-301F-11D3-BF4B-00C04F79EFBC}") = "Day5Assignment", "Day5Assignment\Day5Assignment.csproj", "{B663F498-9F5C-4772-9EB5-3BCAC5140EEB}"
EndProject
Global
	GlobalSection(SolutionConfigurationPlatforms) = preSolution
		Debug|Any CPU = Debug|Any CPU
		Release|Any CPU = Release|Any CPU
	EndGlobalSection
	GlobalSection(ProjectConfigurationPlatforms) = postSolution
		{B663F498-9F5C-4772-9EB5-3BCAC5140EEB}.Debug|Any CPU.ActiveCfg = Debug|Any CPU
		{B663F498-9F5C-4772-9EB5-3BCAC5140EEB}.Debug|Any CPU.Build.0 = Debug|Any CPU
		{B663F498-9F5C-4772-9EB5-3BCAC5140EEB}.Release|Any CPU.ActiveCfg = Release|Any CPU
		{B663F498-9F5C-4772-9EB5-3BCAC5140EEB}.Release|Any CPU.Build.0 = Release|Any CPU
	EndGlobalSection
	GlobalSection(SolutionProperties) = preSolution
		HideSolutionNode = FALSE
	EndGlobalSection
	GlobalSection(ExtensibilityGlobals) = postSolution
		SolutionGuid = {554A8134-DFED-4EB4-B6A0-BDA7C809A22F}
	EndGlobalSection
EndGlobal
