
Microsoft Visual Studio Solution File, Format Version 12.00
# Visual Studio Version 16
VisualStudioVersion = 16.0.31729.503
MinimumVisualStudioVersion = 10.0.40219.1
Project("{FAE04EC0-301F-11D3-BF4B-00C04F79EFBC}") = "Day15Assignment.API", "Day15Assignment.API\Day15Assignment.API.csproj", "{F355E230-D4A8-49F5-9742-070C411E6528}"
EndProject
Global
	GlobalSection(SolutionConfigurationPlatforms) = preSolution
		Debug|Any CPU = Debug|Any CPU
		Release|Any CPU = Release|Any CPU
	EndGlobalSection
	GlobalSection(ProjectConfigurationPlatforms) = postSolution
		{F355E230-D4A8-49F5-9742-070C411E6528}.Debug|Any CPU.ActiveCfg = Debug|Any CPU
		{F355E230-D4A8-49F5-9742-070C411E6528}.Debug|Any CPU.Build.0 = Debug|Any CPU
		{F355E230-D4A8-49F5-9742-070C411E6528}.Release|Any CPU.ActiveCfg = Release|Any CPU
		{F355E230-D4A8-49F5-9742-070C411E6528}.Release|Any CPU.Build.0 = Release|Any CPU
	EndGlobalSection
	GlobalSection(SolutionProperties) = preSolution
		HideSolutionNode = FALSE
	EndGlobalSection
	GlobalSection(ExtensibilityGlobals) = postSolution
		SolutionGuid = {46434BB2-9BA4-40CF-878B-328E74837085}
	EndGlobalSection
EndGlobal
