
Microsoft Visual Studio Solution File, Format Version 12.00
# Visual Studio Version 16
VisualStudioVersion = 16.0.31729.503
MinimumVisualStudioVersion = 10.0.40219.1
Project("{FAE04EC0-301F-11D3-BF4B-00C04F79EFBC}") = "Day11Assignment", "Day11Assignment\Day11Assignment.csproj", "{68F79C30-C753-4669-8609-8D3E7B010031}"
EndProject
Global
	GlobalSection(SolutionConfigurationPlatforms) = preSolution
		Debug|Any CPU = Debug|Any CPU
		Release|Any CPU = Release|Any CPU
	EndGlobalSection
	GlobalSection(ProjectConfigurationPlatforms) = postSolution
		{68F79C30-C753-4669-8609-8D3E7B010031}.Debug|Any CPU.ActiveCfg = Debug|Any CPU
		{68F79C30-C753-4669-8609-8D3E7B010031}.Debug|Any CPU.Build.0 = Debug|Any CPU
		{68F79C30-C753-4669-8609-8D3E7B010031}.Release|Any CPU.ActiveCfg = Release|Any CPU
		{68F79C30-C753-4669-8609-8D3E7B010031}.Release|Any CPU.Build.0 = Release|Any CPU
	EndGlobalSection
	GlobalSection(SolutionProperties) = preSolution
		HideSolutionNode = FALSE
	EndGlobalSection
	GlobalSection(ExtensibilityGlobals) = postSolution
		SolutionGuid = {C5019236-7295-4FEC-AE40-E60DB99ABD44}
	EndGlobalSection
EndGlobal
