
Microsoft Visual Studio Solution File, Format Version 12.00
# Visual Studio Version 16
VisualStudioVersion = 16.0.31729.503
MinimumVisualStudioVersion = 10.0.40219.1
Project("{FAE04EC0-301F-11D3-BF4B-00C04F79EFBC}") = "Day17Assignment", "Day17Assignment\Day17Assignment.csproj", "{7B0A0D18-AF2D-426C-8B47-5658444BBA03}"
EndProject
Global
	GlobalSection(SolutionConfigurationPlatforms) = preSolution
		Debug|Any CPU = Debug|Any CPU
		Release|Any CPU = Release|Any CPU
	EndGlobalSection
	GlobalSection(ProjectConfigurationPlatforms) = postSolution
		{7B0A0D18-AF2D-426C-8B47-5658444BBA03}.Debug|Any CPU.ActiveCfg = Debug|Any CPU
		{7B0A0D18-AF2D-426C-8B47-5658444BBA03}.Debug|Any CPU.Build.0 = Debug|Any CPU
		{7B0A0D18-AF2D-426C-8B47-5658444BBA03}.Release|Any CPU.ActiveCfg = Release|Any CPU
		{7B0A0D18-AF2D-426C-8B47-5658444BBA03}.Release|Any CPU.Build.0 = Release|Any CPU
	EndGlobalSection
	GlobalSection(SolutionProperties) = preSolution
		HideSolutionNode = FALSE
	EndGlobalSection
	GlobalSection(ExtensibilityGlobals) = postSolution
		SolutionGuid = {EAE8C91C-2FD9-4BA2-B2CC-5901AAE89A70}
	EndGlobalSection
EndGlobal
