
Microsoft Visual Studio Solution File, Format Version 12.00
# Visual Studio Version 16
VisualStudioVersion = 16.0.31729.503
MinimumVisualStudioVersion = 10.0.40219.1
Project("{FAE04EC0-301F-11D3-BF4B-00C04F79EFBC}") = "Day6Assignment", "Day6Assignment\Day6Assignment.csproj", "{C97C5B17-98A1-46B8-BEBC-A65291E7F0D3}"
EndProject
Global
	GlobalSection(SolutionConfigurationPlatforms) = preSolution
		Debug|Any CPU = Debug|Any CPU
		Release|Any CPU = Release|Any CPU
	EndGlobalSection
	GlobalSection(ProjectConfigurationPlatforms) = postSolution
		{C97C5B17-98A1-46B8-BEBC-A65291E7F0D3}.Debug|Any CPU.ActiveCfg = Debug|Any CPU
		{C97C5B17-98A1-46B8-BEBC-A65291E7F0D3}.Debug|Any CPU.Build.0 = Debug|Any CPU
		{C97C5B17-98A1-46B8-BEBC-A65291E7F0D3}.Release|Any CPU.ActiveCfg = Release|Any CPU
		{C97C5B17-98A1-46B8-BEBC-A65291E7F0D3}.Release|Any CPU.Build.0 = Release|Any CPU
	EndGlobalSection
	GlobalSection(SolutionProperties) = preSolution
		HideSolutionNode = FALSE
	EndGlobalSection
	GlobalSection(ExtensibilityGlobals) = postSolution
		SolutionGuid = {C6A9EE69-9198-4B47-84DB-AADE01894296}
	EndGlobalSection
EndGlobal
