
Microsoft Visual Studio Solution File, Format Version 12.00
# Visual Studio Version 16
VisualStudioVersion = 16.0.31729.503
MinimumVisualStudioVersion = 10.0.40219.1
Project("{FAE04EC0-301F-11D3-BF4B-00C04F79EFBC}") = "Day10Practice", "Day10Practice\Day10Practice.csproj", "{7AEEC0FA-17C1-4D19-B482-9651CF898CA8}"
EndProject
Global
	GlobalSection(SolutionConfigurationPlatforms) = preSolution
		Debug|Any CPU = Debug|Any CPU
		Release|Any CPU = Release|Any CPU
	EndGlobalSection
	GlobalSection(ProjectConfigurationPlatforms) = postSolution
		{7AEEC0FA-17C1-4D19-B482-9651CF898CA8}.Debug|Any CPU.ActiveCfg = Debug|Any CPU
		{7AEEC0FA-17C1-4D19-B482-9651CF898CA8}.Debug|Any CPU.Build.0 = Debug|Any CPU
		{7AEEC0FA-17C1-4D19-B482-9651CF898CA8}.Release|Any CPU.ActiveCfg = Release|Any CPU
		{7AEEC0FA-17C1-4D19-B482-9651CF898CA8}.Release|Any CPU.Build.0 = Release|Any CPU
	EndGlobalSection
	GlobalSection(SolutionProperties) = preSolution
		HideSolutionNode = FALSE
	EndGlobalSection
	GlobalSection(ExtensibilityGlobals) = postSolution
		SolutionGuid = {BED08274-C6DF-4021-906D-B28647A00662}
	EndGlobalSection
EndGlobal
